
Microsoft Visual Studio Solution File, Format Version 12.00
# Visual Studio Version 16
VisualStudioVersion = 16.0.30907.101
MinimumVisualStudioVersion = 10.0.40219.1
Project("{8BC9CEB8-8B4A-11D0-8D11-00A0C91BC942}") = "ConsoleMiniGame(FrogAndBombs)", "ConsoleMiniGame(FrogAndBombs).vcxproj", "{B4F3C5CB-267A-44FA-A8F7-47372543EF90}"
EndProject
Global
	GlobalSection(SolutionConfigurationPlatforms) = preSolution
		Debug|x64 = Debug|x64
		Debug|x86 = Debug|x86
		Release|x64 = Release|x64
		Release|x86 = Release|x86
	EndGlobalSection
	GlobalSection(ProjectConfigurationPlatforms) = postSolution
		{B4F3C5CB-267A-44FA-A8F7-47372543EF90}.Debug|x64.ActiveCfg = Debug|x64
		{B4F3C5CB-267A-44FA-A8F7-47372543EF90}.Debug|x64.Build.0 = Debug|x64
		{B4F3C5CB-267A-44FA-A8F7-47372543EF90}.Debug|x86.ActiveCfg = Debug|Win32
		{B4F3C5CB-267A-44FA-A8F7-47372543EF90}.Debug|x86.Build.0 = Debug|Win32
		{B4F3C5CB-267A-44FA-A8F7-47372543EF90}.Release|x64.ActiveCfg = Release|x64
		{B4F3C5CB-267A-44FA-A8F7-47372543EF90}.Release|x64.Build.0 = Release|x64
		{B4F3C5CB-267A-44FA-A8F7-47372543EF90}.Release|x86.ActiveCfg = Release|Win32
		{B4F3C5CB-267A-44FA-A8F7-47372543EF90}.Release|x86.Build.0 = Release|Win32
	EndGlobalSection
	GlobalSection(SolutionProperties) = preSolution
		HideSolutionNode = FALSE
	EndGlobalSection
	GlobalSection(ExtensibilityGlobals) = postSolution
		SolutionGuid = {E1DDE176-9DA5-4AC5-BA80-B59D1182719B}
	EndGlobalSection
EndGlobal
